
Microsoft Visual Studio Solution File, Format Version 12.00
# Visual Studio Version 16
VisualStudioVersion = 16.0.31729.503
MinimumVisualStudioVersion = 10.0.40219.1
Project("{9A19103F-16F7-4668-BE54-9A1E7A4F7556}") = "11_22_33", "11_22_33.csproj", "{9FD51B7A-AF62-4EB5-B5FC-517FB6B2FCDC}"
EndProject
Global
	GlobalSection(SolutionConfigurationPlatforms) = preSolution
		Debug|Any CPU = Debug|Any CPU
		Release|Any CPU = Release|Any CPU
	EndGlobalSection
	GlobalSection(ProjectConfigurationPlatforms) = postSolution
		{9FD51B7A-AF62-4EB5-B5FC-517FB6B2FCDC}.Debug|Any CPU.ActiveCfg = Debug|Any CPU
		{9FD51B7A-AF62-4EB5-B5FC-517FB6B2FCDC}.Debug|Any CPU.Build.0 = Debug|Any CPU
		{9FD51B7A-AF62-4EB5-B5FC-517FB6B2FCDC}.Release|Any CPU.ActiveCfg = Release|Any CPU
		{9FD51B7A-AF62-4EB5-B5FC-517FB6B2FCDC}.Release|Any CPU.Build.0 = Release|Any CPU
	EndGlobalSection
	GlobalSection(SolutionProperties) = preSolution
		HideSolutionNode = FALSE
	EndGlobalSection
	GlobalSection(ExtensibilityGlobals) = postSolution
		SolutionGuid = {1859F5A6-3D57-4A84-8DCF-6832522C9928}
	EndGlobalSection
EndGlobal
